// !$*UTF8*$!
{
	archiveVersion = 1;
	classes = {
	};
	objectVersion = 56;
	objects = {

/* Begin PBXBuildFile section */
		EB06F13C2B5929920092D19D /* AuditToken.m in Sources */ = {isa = PBXBuildFile; fileRef = EB06F13B2B5929920092D19D /* AuditToken.m */; };
		EBEE71102B34388B00D49B8C /* DemoAppApp.swift in Sources */ = {isa = PBXBuildFile; fileRef = EBEE710F2B34388B00D49B8C /* DemoAppApp.swift */; };
		EBEE71122B34388B00D49B8C /* ContentView.swift in Sources */ = {isa = PBXBuildFile; fileRef = EBEE71112B34388B00D49B8C /* ContentView.swift */; };
		EBEE71142B34388E00D49B8C /* Assets.xcassets in Resources */ = {isa = PBXBuildFile; fileRef = EBEE71132B34388E00D49B8C /* Assets.xcassets */; };
		EBEE71172B34388E00D49B8C /* Preview Assets.xcassets in Resources */ = {isa = PBXBuildFile; fileRef = EBEE71162B34388E00D49B8C /* Preview Assets.xcassets */; };
		EBEE71252B34391F00D49B8C /* DemoServiceProtocol.swift in Sources */ = {isa = PBXBuildFile; fileRef = EBEE71242B34391F00D49B8C /* DemoServiceProtocol.swift */; };
		EBEE71272B34391F00D49B8C /* DemoService.swift in Sources */ = {isa = PBXBuildFile; fileRef = EBEE71262B34391F00D49B8C /* DemoService.swift */; };
		EBEE71292B34391F00D49B8C /* main.swift in Sources */ = {isa = PBXBuildFile; fileRef = EBEE71282B34391F00D49B8C /* main.swift */; };
		EBEE712E2B34391F00D49B8C /* DemoService.xpc in Embed XPC Services */ = {isa = PBXBuildFile; fileRef = EBEE71222B34391F00D49B8C /* DemoService.xpc */; settings = {ATTRIBUTES = (RemoveHeadersOnCopy, ); }; };
		EBEE71342B44446200D49B8C /* XPCClient.swift in Sources */ = {isa = PBXBuildFile; fileRef = EBEE71332B44446200D49B8C /* XPCClient.swift */; };
		EBEE71352B4451B900D49B8C /* DemoServiceProtocol.swift in Sources */ = {isa = PBXBuildFile; fileRef = EBEE71242B34391F00D49B8C /* DemoServiceProtocol.swift */; };
/* End PBXBuildFile section */

/* Begin PBXContainerItemProxy section */
		EBEE712C2B34391F00D49B8C /* PBXContainerItemProxy */ = {
			isa = PBXContainerItemProxy;
			containerPortal = EBEE71042B34388B00D49B8C /* Project object */;
			proxyType = 1;
			remoteGlobalIDString = EBEE71212B34391F00D49B8C;
			remoteInfo = DemoService;
		};
/* End PBXContainerItemProxy section */

/* Begin PBXCopyFilesBuildPhase section */
		EBEE71322B34391F00D49B8C /* Embed XPC Services */ = {
			isa = PBXCopyFilesBuildPhase;
			buildActionMask = 2147483647;
			dstPath = "$(CONTENTS_FOLDER_PATH)/XPCServices";
			dstSubfolderSpec = 16;
			files = (
				EBEE712E2B34391F00D49B8C /* DemoService.xpc in Embed XPC Services */,
			);
			name = "Embed XPC Services";
			runOnlyForDeploymentPostprocessing = 0;
		};
/* End PBXCopyFilesBuildPhase section */

/* Begin PBXFileReference section */
		EB06F1392B5929560092D19D /* AuditToken.h */ = {isa = PBXFileReference; lastKnownFileType = sourcecode.c.h; path = AuditToken.h; sourceTree = "<group>"; };
		EB06F13A2B5929910092D19D /* DemoService-Bridging-Header.h */ = {isa = PBXFileReference; lastKnownFileType = sourcecode.c.h; path = "DemoService-Bridging-Header.h"; sourceTree = "<group>"; };
		EB06F13B2B5929920092D19D /* AuditToken.m */ = {isa = PBXFileReference; lastKnownFileType = sourcecode.c.objc; path = AuditToken.m; sourceTree = "<group>"; };
		EBEE710C2B34388B00D49B8C /* DemoApp.app */ = {isa = PBXFileReference; explicitFileType = wrapper.application; includeInIndex = 0; path = DemoApp.app; sourceTree = BUILT_PRODUCTS_DIR; };
		EBEE710F2B34388B00D49B8C /* DemoAppApp.swift */ = {isa = PBXFileReference; lastKnownFileType = sourcecode.swift; path = DemoAppApp.swift; sourceTree = "<group>"; };
		EBEE71112B34388B00D49B8C /* ContentView.swift */ = {isa = PBXFileReference; lastKnownFileType = sourcecode.swift; path = ContentView.swift; sourceTree = "<group>"; };
		EBEE71132B34388E00D49B8C /* Assets.xcassets */ = {isa = PBXFileReference; lastKnownFileType = folder.assetcatalog; path = Assets.xcassets; sourceTree = "<group>"; };
		EBEE71162B34388E00D49B8C /* Preview Assets.xcassets */ = {isa = PBXFileReference; lastKnownFileType = folder.assetcatalog; path = "Preview Assets.xcassets"; sourceTree = "<group>"; };
		EBEE71182B34388E00D49B8C /* DemoApp.entitlements */ = {isa = PBXFileReference; lastKnownFileType = text.plist.entitlements; path = DemoApp.entitlements; sourceTree = "<group>"; };
		EBEE71222B34391F00D49B8C /* DemoService.xpc */ = {isa = PBXFileReference; explicitFileType = "wrapper.xpc-service"; includeInIndex = 0; path = DemoService.xpc; sourceTree = BUILT_PRODUCTS_DIR; };
		EBEE71242B34391F00D49B8C /* DemoServiceProtocol.swift */ = {isa = PBXFileReference; lastKnownFileType = sourcecode.swift; path = DemoServiceProtocol.swift; sourceTree = "<group>"; };
		EBEE71262B34391F00D49B8C /* DemoService.swift */ = {isa = PBXFileReference; lastKnownFileType = sourcecode.swift; path = DemoService.swift; sourceTree = "<group>"; };
		EBEE71282B34391F00D49B8C /* main.swift */ = {isa = PBXFileReference; lastKnownFileType = sourcecode.swift; path = main.swift; sourceTree = "<group>"; };
		EBEE712A2B34391F00D49B8C /* Info.plist */ = {isa = PBXFileReference; lastKnownFileType = text.plist.xml; path = Info.plist; sourceTree = "<group>"; };
		EBEE712B2B34391F00D49B8C /* DemoService.entitlements */ = {isa = PBXFileReference; lastKnownFileType = text.plist.entitlements; path = DemoService.entitlements; sourceTree = "<group>"; };
		EBEE71332B44446200D49B8C /* XPCClient.swift */ = {isa = PBXFileReference; lastKnownFileType = sourcecode.swift; path = XPCClient.swift; sourceTree = "<group>"; };
/* End PBXFileReference section */

/* Begin PBXFrameworksBuildPhase section */
		EBEE71092B34388B00D49B8C /* Frameworks */ = {
			isa = PBXFrameworksBuildPhase;
			buildActionMask = 2147483647;
			files = (
			);
			runOnlyForDeploymentPostprocessing = 0;
		};
		EBEE711F2B34391F00D49B8C /* Frameworks */ = {
			isa = PBXFrameworksBuildPhase;
			buildActionMask = 2147483647;
			files = (
			);
			runOnlyForDeploymentPostprocessing = 0;
		};
/* End PBXFrameworksBuildPhase section */

/* Begin PBXGroup section */
		EBEE71032B34388B00D49B8C = {
			isa = PBXGroup;
			children = (
				EBEE710E2B34388B00D49B8C /* DemoApp */,
				EBEE71232B34391F00D49B8C /* DemoService */,
				EBEE710D2B34388B00D49B8C /* Products */,
				EB06F13A2B5929910092D19D /* DemoService-Bridging-Header.h */,
			);
			sourceTree = "<group>";
		};
		EBEE710D2B34388B00D49B8C /* Products */ = {
			isa = PBXGroup;
			children = (
				EBEE710C2B34388B00D49B8C /* DemoApp.app */,
				EBEE71222B34391F00D49B8C /* DemoService.xpc */,
			);
			name = Products;
			sourceTree = "<group>";
		};
		EBEE710E2B34388B00D49B8C /* DemoApp */ = {
			isa = PBXGroup;
			children = (
				EBEE710F2B34388B00D49B8C /* DemoAppApp.swift */,
				EBEE71112B34388B00D49B8C /* ContentView.swift */,
				EBEE71132B34388E00D49B8C /* Assets.xcassets */,
				EBEE71182B34388E00D49B8C /* DemoApp.entitlements */,
				EBEE71152B34388E00D49B8C /* Preview Content */,
				EBEE71332B44446200D49B8C /* XPCClient.swift */,
			);
			path = DemoApp;
			sourceTree = "<group>";
		};
		EBEE71152B34388E00D49B8C /* Preview Content */ = {
			isa = PBXGroup;
			children = (
				EBEE71162B34388E00D49B8C /* Preview Assets.xcassets */,
			);
			path = "Preview Content";
			sourceTree = "<group>";
		};
		EBEE71232B34391F00D49B8C /* DemoService */ = {
			isa = PBXGroup;
			children = (
				EBEE71242B34391F00D49B8C /* DemoServiceProtocol.swift */,
				EBEE71262B34391F00D49B8C /* DemoService.swift */,
				EBEE71282B34391F00D49B8C /* main.swift */,
				EBEE712A2B34391F00D49B8C /* Info.plist */,
				EBEE712B2B34391F00D49B8C /* DemoService.entitlements */,
				EB06F13B2B5929920092D19D /* AuditToken.m */,
				EB06F1392B5929560092D19D /* AuditToken.h */,
			);
			path = DemoService;
			sourceTree = "<group>";
		};
/* End PBXGroup section */

/* Begin PBXNativeTarget section */
		EBEE710B2B34388B00D49B8C /* DemoApp */ = {
			isa = PBXNativeTarget;
			buildConfigurationList = EBEE711B2B34388E00D49B8C /* Build configuration list for PBXNativeTarget "DemoApp" */;
			buildPhases = (
				EBEE71082B34388B00D49B8C /* Sources */,
				EBEE71092B34388B00D49B8C /* Frameworks */,
				EBEE710A2B34388B00D49B8C /* Resources */,
				EBEE71322B34391F00D49B8C /* Embed XPC Services */,
			);
			buildRules = (
			);
			dependencies = (
				EBEE712D2B34391F00D49B8C /* PBXTargetDependency */,
			);
			name = DemoApp;
			productName = DemoApp;
			productReference = EBEE710C2B34388B00D49B8C /* DemoApp.app */;
			productType = "com.apple.product-type.application";
		};
		EBEE71212B34391F00D49B8C /* DemoService */ = {
			isa = PBXNativeTarget;
			buildConfigurationList = EBEE712F2B34391F00D49B8C /* Build configuration list for PBXNativeTarget "DemoService" */;
			buildPhases = (
				EBEE711E2B34391F00D49B8C /* Sources */,
				EBEE711F2B34391F00D49B8C /* Frameworks */,
				EBEE71202B34391F00D49B8C /* Resources */,
			);
			buildRules = (
			);
			dependencies = (
			);
			name = DemoService;
			productName = DemoService;
			productReference = EBEE71222B34391F00D49B8C /* DemoService.xpc */;
			productType = "com.apple.product-type.xpc-service";
		};
/* End PBXNativeTarget section */

/* Begin PBXProject section */
		EBEE71042B34388B00D49B8C /* Project object */ = {
			isa = PBXProject;
			attributes = {
				BuildIndependentTargetsInParallel = 1;
				LastSwiftUpdateCheck = 1430;
				LastUpgradeCheck = 1430;
				TargetAttributes = {
					EBEE710B2B34388B00D49B8C = {
						CreatedOnToolsVersion = 14.3.1;
					};
					EBEE71212B34391F00D49B8C = {
						CreatedOnToolsVersion = 14.3.1;
						LastSwiftMigration = 1430;
					};
				};
			};
			buildConfigurationList = EBEE71072B34388B00D49B8C /* Build configuration list for PBXProject "DemoApp" */;
			compatibilityVersion = "Xcode 14.0";
			developmentRegion = en;
			hasScannedForEncodings = 0;
			knownRegions = (
				en,
				Base,
			);
			mainGroup = EBEE71032B34388B00D49B8C;
			productRefGroup = EBEE710D2B34388B00D49B8C /* Products */;
			projectDirPath = "";
			projectRoot = "";
			targets = (
				EBEE710B2B34388B00D49B8C /* DemoApp */,
				EBEE71212B34391F00D49B8C /* DemoService */,
			);
		};
/* End PBXProject section */

/* Begin PBXResourcesBuildPhase section */
		EBEE710A2B34388B00D49B8C /* Resources */ = {
			isa = PBXResourcesBuildPhase;
			buildActionMask = 2147483647;
			files = (
				EBEE71172B34388E00D49B8C /* Preview Assets.xcassets in Resources */,
				EBEE71142B34388E00D49B8C /* Assets.xcassets in Resources */,
			);
			runOnlyForDeploymentPostprocessing = 0;
		};
		EBEE71202B34391F00D49B8C /* Resources */ = {
			isa = PBXResourcesBuildPhase;
			buildActionMask = 2147483647;
			files = (
			);
			runOnlyForDeploymentPostprocessing = 0;
		};
/* End PBXResourcesBuildPhase section */

/* Begin PBXSourcesBuildPhase section */
		EBEE71082B34388B00D49B8C /* Sources */ = {
			isa = PBXSourcesBuildPhase;
			buildActionMask = 2147483647;
			files = (
				EBEE71352B4451B900D49B8C /* DemoServiceProtocol.swift in Sources */,
				EBEE71342B44446200D49B8C /* XPCClient.swift in Sources */,
				EBEE71122B34388B00D49B8C /* ContentView.swift in Sources */,
				EBEE71102B34388B00D49B8C /* DemoAppApp.swift in Sources */,
			);
			runOnlyForDeploymentPostprocessing = 0;
		};
		EBEE711E2B34391F00D49B8C /* Sources */ = {
			isa = PBXSourcesBuildPhase;
			buildActionMask = 2147483647;
			files = (
				EBEE71272B34391F00D49B8C /* DemoService.swift in Sources */,
				EBEE71252B34391F00D49B8C /* DemoServiceProtocol.swift in Sources */,
				EBEE71292B34391F00D49B8C /* main.swift in Sources */,
				EB06F13C2B5929920092D19D /* AuditToken.m in Sources */,
			);
			runOnlyForDeploymentPostprocessing = 0;
		};
/* End PBXSourcesBuildPhase section */

/* Begin PBXTargetDependency section */
		EBEE712D2B34391F00D49B8C /* PBXTargetDependency */ = {
			isa = PBXTargetDependency;
			target = EBEE71212B34391F00D49B8C /* DemoService */;
			targetProxy = EBEE712C2B34391F00D49B8C /* PBXContainerItemProxy */;
		};
/* End PBXTargetDependency section */

/* Begin XCBuildConfiguration section */
		EBEE71192B34388E00D49B8C /* Debug */ = {
			isa = XCBuildConfiguration;
			buildSettings = {
				ALWAYS_SEARCH_USER_PATHS = NO;
				CLANG_ANALYZER_NONNULL = YES;
				CLANG_ANALYZER_NUMBER_OBJECT_CONVERSION = YES_AGGRESSIVE;
				CLANG_CXX_LANGUAGE_STANDARD = "gnu++20";
				CLANG_ENABLE_MODULES = YES;
				CLANG_ENABLE_OBJC_ARC = YES;
				CLANG_ENABLE_OBJC_WEAK = YES;
				CLANG_WARN_BLOCK_CAPTURE_AUTORELEASING = YES;
				CLANG_WARN_BOOL_CONVERSION = YES;
				CLANG_WARN_COMMA = YES;
				CLANG_WARN_CONSTANT_CONVERSION = YES;
				CLANG_WARN_DEPRECATED_OBJC_IMPLEMENTATIONS = YES;
				CLANG_WARN_DIRECT_OBJC_ISA_USAGE = YES_ERROR;
				CLANG_WARN_DOCUMENTATION_COMMENTS = YES;
				CLANG_WARN_EMPTY_BODY = YES;
				CLANG_WARN_ENUM_CONVERSION = YES;
				CLANG_WARN_INFINITE_RECURSION = YES;
				CLANG_WARN_INT_CONVERSION = YES;
				CLANG_WARN_NON_LITERAL_NULL_CONVERSION = YES;
				CLANG_WARN_OBJC_IMPLICIT_RETAIN_SELF = YES;
				CLANG_WARN_OBJC_LITERAL_CONVERSION = YES;
				CLANG_WARN_OBJC_ROOT_CLASS = YES_ERROR;
				CLANG_WARN_QUOTED_INCLUDE_IN_FRAMEWORK_HEADER = YES;
				CLANG_WARN_RANGE_LOOP_ANALYSIS = YES;
				CLANG_WARN_STRICT_PROTOTYPES = YES;
				CLANG_WARN_SUSPICIOUS_MOVE = YES;
				CLANG_WARN_UNGUARDED_AVAILABILITY = YES_AGGRESSIVE;
				CLANG_WARN_UNREACHABLE_CODE = YES;
				CLANG_WARN__DUPLICATE_METHOD_MATCH = YES;
				COPY_PHASE_STRIP = NO;
				DEBUG_INFORMATION_FORMAT = dwarf;
				ENABLE_STRICT_OBJC_MSGSEND = YES;
				ENABLE_TESTABILITY = YES;
				GCC_C_LANGUAGE_STANDARD = gnu11;
				GCC_DYNAMIC_NO_PIC = NO;
				GCC_NO_COMMON_BLOCKS = YES;
				GCC_OPTIMIZATION_LEVEL = 0;
				GCC_PREPROCESSOR_DEFINITIONS = (
					"DEBUG=1",
					"$(inherited)",
				);
				GCC_WARN_64_TO_32_BIT_CONVERSION = YES;
				GCC_WARN_ABOUT_RETURN_TYPE = YES_ERROR;
				GCC_WARN_UNDECLARED_SELECTOR = YES;
				GCC_WARN_UNINITIALIZED_AUTOS = YES_AGGRESSIVE;
				GCC_WARN_UNUSED_FUNCTION = YES;
				GCC_WARN_UNUSED_VARIABLE = YES;
				MACOSX_DEPLOYMENT_TARGET = 13.3;
				MTL_ENABLE_DEBUG_INFO = INCLUDE_SOURCE;
				MTL_FAST_MATH = YES;
				ONLY_ACTIVE_ARCH = YES;
				SDKROOT = macosx;
				SWIFT_ACTIVE_COMPILATION_CONDITIONS = DEBUG;
				SWIFT_OPTIMIZATION_LEVEL = "-Onone";
			};
			name = Debug;
		};
		EBEE711A2B34388E00D49B8C /* Release */ = {
			isa = XCBuildConfiguration;
			buildSettings = {
				ALWAYS_SEARCH_USER_PATHS = NO;
				CLANG_ANALYZER_NONNULL = YES;
				CLANG_ANALYZER_NUMBER_OBJECT_CONVERSION = YES_AGGRESSIVE;
				CLANG_CXX_LANGUAGE_STANDARD = "gnu++20";
				CLANG_ENABLE_MODULES = YES;
				CLANG_ENABLE_OBJC_ARC = YES;
				CLANG_ENABLE_OBJC_WEAK = YES;
				CLANG_WARN_BLOCK_CAPTURE_AUTORELEASING = YES;
				CLANG_WARN_BOOL_CONVERSION = YES;
				CLANG_WARN_COMMA = YES;
				CLANG_WARN_CONSTANT_CONVERSION = YES;
				CLANG_WARN_DEPRECATED_OBJC_IMPLEMENTATIONS = YES;
				CLANG_WARN_DIRECT_OBJC_ISA_USAGE = YES_ERROR;
				CLANG_WARN_DOCUMENTATION_COMMENTS = YES;
				CLANG_WARN_EMPTY_BODY = YES;
				CLANG_WARN_ENUM_CONVERSION = YES;
				CLANG_WARN_INFINITE_RECURSION = YES;
				CLANG_WARN_INT_CONVERSION = YES;
				CLANG_WARN_NON_LITERAL_NULL_CONVERSION = YES;
				CLANG_WARN_OBJC_IMPLICIT_RETAIN_SELF = YES;
				CLANG_WARN_OBJC_LITERAL_CONVERSION = YES;
				CLANG_WARN_OBJC_ROOT_CLASS = YES_ERROR;
				CLANG_WARN_QUOTED_INCLUDE_IN_FRAMEWORK_HEADER = YES;
				CLANG_WARN_RANGE_LOOP_ANALYSIS = YES;
				CLANG_WARN_STRICT_PROTOTYPES = YES;
				CLANG_WARN_SUSPICIOUS_MOVE = YES;
				CLANG_WARN_UNGUARDED_AVAILABILITY = YES_AGGRESSIVE;
				CLANG_WARN_UNREACHABLE_CODE = YES;
				CLANG_WARN__DUPLICATE_METHOD_MATCH = YES;
				COPY_PHASE_STRIP = NO;
				DEBUG_INFORMATION_FORMAT = "dwarf-with-dsym";
				ENABLE_NS_ASSERTIONS = NO;
				ENABLE_STRICT_OBJC_MSGSEND = YES;
				GCC_C_LANGUAGE_STANDARD = gnu11;
				GCC_NO_COMMON_BLOCKS = YES;
				GCC_WARN_64_TO_32_BIT_CONVERSION = YES;
				GCC_WARN_ABOUT_RETURN_TYPE = YES_ERROR;
				GCC_WARN_UNDECLARED_SELECTOR = YES;
				GCC_WARN_UNINITIALIZED_AUTOS = YES_AGGRESSIVE;
				GCC_WARN_UNUSED_FUNCTION = YES;
				GCC_WARN_UNUSED_VARIABLE = YES;
				MACOSX_DEPLOYMENT_TARGET = 13.3;
				MTL_ENABLE_DEBUG_INFO = NO;
				MTL_FAST_MATH = YES;
				SDKROOT = macosx;
				SWIFT_COMPILATION_MODE = wholemodule;
				SWIFT_OPTIMIZATION_LEVEL = "-O";
			};
			name = Release;
		};
		EBEE711C2B34388E00D49B8C /* Debug */ = {
			isa = XCBuildConfiguration;
			buildSettings = {
				ALWAYS_EMBED_SWIFT_STANDARD_LIBRARIES = YES;
				ASSETCATALOG_COMPILER_APPICON_NAME = AppIcon;
				ASSETCATALOG_COMPILER_GLOBAL_ACCENT_COLOR_NAME = AccentColor;
				CODE_SIGN_ENTITLEMENTS = DemoApp/DemoApp.entitlements;
				CODE_SIGN_STYLE = Automatic;
				COMBINE_HIDPI_IMAGES = YES;
				CURRENT_PROJECT_VERSION = 1;
				DEVELOPMENT_ASSET_PATHS = "\"DemoApp/Preview Content\"";
				DEVELOPMENT_TEAM = W4MF6H9XZ6;
				ENABLE_PREVIEWS = YES;
				GENERATE_INFOPLIST_FILE = YES;
				INFOPLIST_KEY_NSHumanReadableCopyright = "";
				LD_RUNPATH_SEARCH_PATHS = (
					"$(inherited)",
					"@executable_path/../Frameworks",
				);
				MARKETING_VERSION = 1.0;
				PRODUCT_BUNDLE_IDENTIFIER = com.tonygo.DemoApp;
				PRODUCT_NAME = "$(TARGET_NAME)";
				SWIFT_EMIT_LOC_STRINGS = YES;
				SWIFT_VERSION = 5.0;
			};
			name = Debug;
		};
		EBEE711D2B34388E00D49B8C /* Release */ = {
			isa = XCBuildConfiguration;
			buildSettings = {
				ALWAYS_EMBED_SWIFT_STANDARD_LIBRARIES = YES;
				ASSETCATALOG_COMPILER_APPICON_NAME = AppIcon;
				ASSETCATALOG_COMPILER_GLOBAL_ACCENT_COLOR_NAME = AccentColor;
				CODE_SIGN_ENTITLEMENTS = DemoApp/DemoApp.entitlements;
				CODE_SIGN_STYLE = Automatic;
				COMBINE_HIDPI_IMAGES = YES;
				CURRENT_PROJECT_VERSION = 1;
				DEVELOPMENT_ASSET_PATHS = "\"DemoApp/Preview Content\"";
				DEVELOPMENT_TEAM = W4MF6H9XZ6;
				ENABLE_PREVIEWS = YES;
				GENERATE_INFOPLIST_FILE = YES;
				INFOPLIST_KEY_NSHumanReadableCopyright = "";
				LD_RUNPATH_SEARCH_PATHS = (
					"$(inherited)",
					"@executable_path/../Frameworks",
				);
				MARKETING_VERSION = 1.0;
				PRODUCT_BUNDLE_IDENTIFIER = com.tonygo.DemoApp;
				PRODUCT_NAME = "$(TARGET_NAME)";
				SWIFT_EMIT_LOC_STRINGS = YES;
				SWIFT_VERSION = 5.0;
			};
			name = Release;
		};
		EBEE71302B34391F00D49B8C /* Debug */ = {
			isa = XCBuildConfiguration;
			buildSettings = {
				CLANG_ENABLE_MODULES = YES;
				CODE_SIGN_ENTITLEMENTS = DemoService/DemoService.entitlements;
				CODE_SIGN_STYLE = Automatic;
				COMBINE_HIDPI_IMAGES = YES;
				CURRENT_PROJECT_VERSION = 1;
				DEVELOPMENT_TEAM = W4MF6H9XZ6;
				GENERATE_INFOPLIST_FILE = YES;
				INFOPLIST_FILE = DemoService/Info.plist;
				INFOPLIST_KEY_CFBundleDisplayName = DemoService;
				INFOPLIST_KEY_NSHumanReadableCopyright = "";
				MARKETING_VERSION = 1.0;
				PRODUCT_BUNDLE_IDENTIFIER = com.tonygo.DemoService;
				PRODUCT_NAME = "$(TARGET_NAME)";
				SKIP_INSTALL = YES;
				SWIFT_EMIT_LOC_STRINGS = YES;
				SWIFT_OBJC_BRIDGING_HEADER = "DemoService-Bridging-Header.h";
				SWIFT_OPTIMIZATION_LEVEL = "-Onone";
				SWIFT_VERSION = 5.0;
			};
			name = Debug;
		};
		EBEE71312B34391F00D49B8C /* Release */ = {
			isa = XCBuildConfiguration;
			buildSettings = {
				CLANG_ENABLE_MODULES = YES;
				CODE_SIGN_ENTITLEMENTS = DemoService/DemoService.entitlements;
				CODE_SIGN_STYLE = Automatic;
				COMBINE_HIDPI_IMAGES = YES;
				CURRENT_PROJECT_VERSION = 1;
				DEVELOPMENT_TEAM = W4MF6H9XZ6;
				GENERATE_INFOPLIST_FILE = YES;
				INFOPLIST_FILE = DemoService/Info.plist;
				INFOPLIST_KEY_CFBundleDisplayName = DemoService;
				INFOPLIST_KEY_NSHumanReadableCopyright = "";
				MARKETING_VERSION = 1.0;
				PRODUCT_BUNDLE_IDENTIFIER = com.tonygo.DemoService;
				PRODUCT_NAME = "$(TARGET_NAME)";
				SKIP_INSTALL = YES;
				SWIFT_EMIT_LOC_STRINGS = YES;
				SWIFT_OBJC_BRIDGING_HEADER = "DemoService-Bridging-Header.h";
				SWIFT_VERSION = 5.0;
			};
			name = Release;
		};
/* End XCBuildConfiguration section */

/* Begin XCConfigurationList section */
		EBEE71072B34388B00D49B8C /* Build configuration list for PBXProject "DemoApp" */ = {
			isa = XCConfigurationList;
			buildConfigurations = (
				EBEE71192B34388E00D49B8C /* Debug */,
				EBEE711A2B34388E00D49B8C /* Release */,
			);
			defaultConfigurationIsVisible = 0;
			defaultConfigurationName = Release;
		};
		EBEE711B2B34388E00D49B8C /* Build configuration list for PBXNativeTarget "DemoApp" */ = {
			isa = XCConfigurationList;
			buildConfigurations = (
				EBEE711C2B34388E00D49B8C /* Debug */,
				EBEE711D2B34388E00D49B8C /* Release */,
			);
			defaultConfigurationIsVisible = 0;
			defaultConfigurationName = Release;
		};
		EBEE712F2B34391F00D49B8C /* Build configuration list for PBXNativeTarget "DemoService" */ = {
			isa = XCConfigurationList;
			buildConfigurations = (
				EBEE71302B34391F00D49B8C /* Debug */,
				EBEE71312B34391F00D49B8C /* Release */,
			);
			defaultConfigurationIsVisible = 0;
			defaultConfigurationName = Release;
		};
/* End XCConfigurationList section */
	};
	rootObject = EBEE71042B34388B00D49B8C /* Project object */;
}
